
Microsoft Visual Studio Solution File, Format Version 12.00
# Visual Studio 15
VisualStudioVersion = 15.0.27703.2042
MinimumVisualStudioVersion = 10.0.40219.1
Project("{9A19103F-16F7-4668-BE54-9A1E7A4F7556}") = "FreshMvvmExtended", "FreshMvvmExtended\FreshMvvmExtended.csproj", "{4CD38DD9-9A59-4F24-95DD-D8DAED46BA98}"
EndProject
Project("{9A19103F-16F7-4668-BE54-9A1E7A4F7556}") = "FreshIOC", "FreshIOC\FreshIOC.csproj", "{8F8F28DF-7F51-4E1D-8623-C1DF93D0155C}"
EndProject
Project("{FAE04EC0-301F-11D3-BF4B-00C04F79EFBC}") = "FreshMvvmExtended.Test", "FreshMvvmExtended.Test\FreshMvvmExtended.Test.csproj", "{069390BD-DFE9-4170-8229-64387D317FB9}"
EndProject
Global
	GlobalSection(SolutionConfigurationPlatforms) = preSolution
		Debug|Any CPU = Debug|Any CPU
		Release|Any CPU = Release|Any CPU
	EndGlobalSection
	GlobalSection(ProjectConfigurationPlatforms) = postSolution
		{4CD38DD9-9A59-4F24-95DD-D8DAED46BA98}.Debug|Any CPU.ActiveCfg = Debug|Any CPU
		{4CD38DD9-9A59-4F24-95DD-D8DAED46BA98}.Debug|Any CPU.Build.0 = Debug|Any CPU
		{4CD38DD9-9A59-4F24-95DD-D8DAED46BA98}.Release|Any CPU.ActiveCfg = Release|Any CPU
		{4CD38DD9-9A59-4F24-95DD-D8DAED46BA98}.Release|Any CPU.Build.0 = Release|Any CPU
		{8F8F28DF-7F51-4E1D-8623-C1DF93D0155C}.Debug|Any CPU.ActiveCfg = Debug|Any CPU
		{8F8F28DF-7F51-4E1D-8623-C1DF93D0155C}.Debug|Any CPU.Build.0 = Debug|Any CPU
		{8F8F28DF-7F51-4E1D-8623-C1DF93D0155C}.Release|Any CPU.ActiveCfg = Release|Any CPU
		{8F8F28DF-7F51-4E1D-8623-C1DF93D0155C}.Release|Any CPU.Build.0 = Release|Any CPU
		{069390BD-DFE9-4170-8229-64387D317FB9}.Debug|Any CPU.ActiveCfg = Debug|Any CPU
		{069390BD-DFE9-4170-8229-64387D317FB9}.Debug|Any CPU.Build.0 = Debug|Any CPU
		{069390BD-DFE9-4170-8229-64387D317FB9}.Release|Any CPU.ActiveCfg = Release|Any CPU
		{069390BD-DFE9-4170-8229-64387D317FB9}.Release|Any CPU.Build.0 = Release|Any CPU
	EndGlobalSection
	GlobalSection(SolutionProperties) = preSolution
		HideSolutionNode = FALSE
	EndGlobalSection
	GlobalSection(ExtensibilityGlobals) = postSolution
		SolutionGuid = {80BD4E09-5AF6-4592-9AD1-C44D04369A9A}
	EndGlobalSection
EndGlobal
